
Microsoft Visual Studio Solution File, Format Version 12.00
# Visual Studio Version 17
VisualStudioVersion = 17.3.32825.248
MinimumVisualStudioVersion = 10.0.40219.1
Project("{9A19103F-16F7-4668-BE54-9A1E7A4F7556}") = "PeyrSharp", "PeyrSharp\PeyrSharp.csproj", "{0AA7BF65-3573-4ED4-9B3E-E4056AA92E17}"
EndProject
Project("{9A19103F-16F7-4668-BE54-9A1E7A4F7556}") = "PeyrSharp.Enums", "PeyrSharp.Enums\PeyrSharp.Enums.csproj", "{7CB7FD10-1811-4CA6-A71E-A7D16DC6C4DB}"
EndProject
Project("{9A19103F-16F7-4668-BE54-9A1E7A4F7556}") = "PeyrSharp.Exceptions", "PeyrSharp.Exceptions\PeyrSharp.Exceptions.csproj", "{A531D671-ABFF-46BB-97A1-5C26920E9B4D}"
EndProject
Project("{9A19103F-16F7-4668-BE54-9A1E7A4F7556}") = "PeyrSharp.UiHelpers", "PeyrSharp.UiHelpers\PeyrSharp.UiHelpers.csproj", "{17B8E9E7-CC3C-48CD-8623-68028F0229B5}"
EndProject
Project("{9A19103F-16F7-4668-BE54-9A1E7A4F7556}") = "PeyrSharp.Core", "PeyrSharp.Core\PeyrSharp.Core.csproj", "{E3332EEF-25CA-4C93-90DB-0E66179E52D1}"
EndProject
Project("{FAE04EC0-301F-11D3-BF4B-00C04F79EFBC}") = "PeyrSharp.Env", "PeyrSharp.Env\PeyrSharp.Env.csproj", "{A8BE49E6-E5C0-4D4F-B540-31D19AB847F7}"
EndProject
Global
	GlobalSection(SolutionConfigurationPlatforms) = preSolution
		Debug|Any CPU = Debug|Any CPU
		Release|Any CPU = Release|Any CPU
	EndGlobalSection
	GlobalSection(ProjectConfigurationPlatforms) = postSolution
		{0AA7BF65-3573-4ED4-9B3E-E4056AA92E17}.Debug|Any CPU.ActiveCfg = Debug|Any CPU
		{0AA7BF65-3573-4ED4-9B3E-E4056AA92E17}.Debug|Any CPU.Build.0 = Debug|Any CPU
		{0AA7BF65-3573-4ED4-9B3E-E4056AA92E17}.Release|Any CPU.ActiveCfg = Release|Any CPU
		{0AA7BF65-3573-4ED4-9B3E-E4056AA92E17}.Release|Any CPU.Build.0 = Release|Any CPU
		{7CB7FD10-1811-4CA6-A71E-A7D16DC6C4DB}.Debug|Any CPU.ActiveCfg = Debug|Any CPU
		{7CB7FD10-1811-4CA6-A71E-A7D16DC6C4DB}.Debug|Any CPU.Build.0 = Debug|Any CPU
		{7CB7FD10-1811-4CA6-A71E-A7D16DC6C4DB}.Release|Any CPU.ActiveCfg = Release|Any CPU
		{7CB7FD10-1811-4CA6-A71E-A7D16DC6C4DB}.Release|Any CPU.Build.0 = Release|Any CPU
		{A531D671-ABFF-46BB-97A1-5C26920E9B4D}.Debug|Any CPU.ActiveCfg = Debug|Any CPU
		{A531D671-ABFF-46BB-97A1-5C26920E9B4D}.Debug|Any CPU.Build.0 = Debug|Any CPU
		{A531D671-ABFF-46BB-97A1-5C26920E9B4D}.Release|Any CPU.ActiveCfg = Release|Any CPU
		{A531D671-ABFF-46BB-97A1-5C26920E9B4D}.Release|Any CPU.Build.0 = Release|Any CPU
		{17B8E9E7-CC3C-48CD-8623-68028F0229B5}.Debug|Any CPU.ActiveCfg = Debug|Any CPU
		{17B8E9E7-CC3C-48CD-8623-68028F0229B5}.Debug|Any CPU.Build.0 = Debug|Any CPU
		{17B8E9E7-CC3C-48CD-8623-68028F0229B5}.Release|Any CPU.ActiveCfg = Release|Any CPU
		{17B8E9E7-CC3C-48CD-8623-68028F0229B5}.Release|Any CPU.Build.0 = Release|Any CPU
		{E3332EEF-25CA-4C93-90DB-0E66179E52D1}.Debug|Any CPU.ActiveCfg = Debug|Any CPU
		{E3332EEF-25CA-4C93-90DB-0E66179E52D1}.Debug|Any CPU.Build.0 = Debug|Any CPU
		{E3332EEF-25CA-4C93-90DB-0E66179E52D1}.Release|Any CPU.ActiveCfg = Release|Any CPU
		{E3332EEF-25CA-4C93-90DB-0E66179E52D1}.Release|Any CPU.Build.0 = Release|Any CPU
		{A8BE49E6-E5C0-4D4F-B540-31D19AB847F7}.Debug|Any CPU.ActiveCfg = Debug|Any CPU
		{A8BE49E6-E5C0-4D4F-B540-31D19AB847F7}.Debug|Any CPU.Build.0 = Debug|Any CPU
		{A8BE49E6-E5C0-4D4F-B540-31D19AB847F7}.Release|Any CPU.ActiveCfg = Release|Any CPU
		{A8BE49E6-E5C0-4D4F-B540-31D19AB847F7}.Release|Any CPU.Build.0 = Release|Any CPU
	EndGlobalSection
	GlobalSection(SolutionProperties) = preSolution
		HideSolutionNode = FALSE
	EndGlobalSection
	GlobalSection(ExtensibilityGlobals) = postSolution
		SolutionGuid = {4664077C-21DF-4625-9D2F-EA20D12F20CD}
	EndGlobalSection
EndGlobal
